// !$*UTF8*$!
{
	archiveVersion = 1;
	classes = {
	};
	objectVersion = 48;
	objects = {

/* Begin PBXBuildFile section */
		BF036AC52049F0BE00100B81 /* Checked.pdf in Resources */ = {isa = PBXBuildFile; fileRef = BF036AC32049F0BD00100B81 /* Checked.pdf */; };
		BF036AC62049F0BE00100B81 /* Unchecked.pdf in Resources */ = {isa = PBXBuildFile; fileRef = BF036AC42049F0BE00100B81 /* Unchecked.pdf */; };
		BF036AC82049F72000100B81 /* ToDoViewController.swift in Sources */ = {isa = PBXBuildFile; fileRef = BF036AC72049F72000100B81 /* ToDoViewController.swift */; };
		BF29F03E2049DE4E00C35A0C /* AppDelegate.swift in Sources */ = {isa = PBXBuildFile; fileRef = BF29F03D2049DE4E00C35A0C /* AppDelegate.swift */; };
		BF29F0432049DE4E00C35A0C /* Main.storyboard in Resources */ = {isa = PBXBuildFile; fileRef = BF29F0412049DE4E00C35A0C /* Main.storyboard */; };
		BF29F0452049DE4E00C35A0C /* Assets.xcassets in Resources */ = {isa = PBXBuildFile; fileRef = BF29F0442049DE4E00C35A0C /* Assets.xcassets */; };
		BF29F0482049DE4E00C35A0C /* LaunchScreen.storyboard in Resources */ = {isa = PBXBuildFile; fileRef = BF29F0462049DE4E00C35A0C /* LaunchScreen.storyboard */; };
		BF29F0532049DE4E00C35A0C /* ToDoListTests.swift in Sources */ = {isa = PBXBuildFile; fileRef = BF29F0522049DE4E00C35A0C /* ToDoListTests.swift */; };
		BF29F05E2049DE4E00C35A0C /* ToDoListUITests.swift in Sources */ = {isa = PBXBuildFile; fileRef = BF29F05D2049DE4E00C35A0C /* ToDoListUITests.swift */; };
		BF29F06C2049DEFD00C35A0C /* ToDo.swift in Sources */ = {isa = PBXBuildFile; fileRef = BF29F06B2049DEFD00C35A0C /* ToDo.swift */; };
		BF29F06E2049DF6000C35A0C /* ToDoTableViewController.swift in Sources */ = {isa = PBXBuildFile; fileRef = BF29F06D2049DF6000C35A0C /* ToDoTableViewController.swift */; };
		BFB5768E204AA77D003058C2 /* ToDoCell.swift in Sources */ = {isa = PBXBuildFile; fileRef = BFB5768D204AA77D003058C2 /* ToDoCell.swift */; };
/* End PBXBuildFile section */

/* Begin PBXContainerItemProxy section */
		BF29F04F2049DE4E00C35A0C /* PBXContainerItemProxy */ = {
			isa = PBXContainerItemProxy;
			containerPortal = BF29F0322049DE4E00C35A0C /* Project object */;
			proxyType = 1;
			remoteGlobalIDString = BF29F0392049DE4E00C35A0C;
			remoteInfo = ToDoList;
		};
		BF29F05A2049DE4E00C35A0C /* PBXContainerItemProxy */ = {
			isa = PBXContainerItemProxy;
			containerPortal = BF29F0322049DE4E00C35A0C /* Project object */;
			proxyType = 1;
			remoteGlobalIDString = BF29F0392049DE4E00C35A0C;
			remoteInfo = ToDoList;
		};
/* End PBXContainerItemProxy section */

/* Begin PBXFileReference section */
		BF036AC32049F0BD00100B81 /* Checked.pdf */ = {isa = PBXFileReference; lastKnownFileType = image.pdf; name = Checked.pdf; path = "../../../../../Downloads/Student Resources 2/4 - Tables and Persistence/Guided Project - List/Checked.pdf"; sourceTree = "<group>"; };
		BF036AC42049F0BE00100B81 /* Unchecked.pdf */ = {isa = PBXFileReference; lastKnownFileType = image.pdf; name = Unchecked.pdf; path = "../../../../../Downloads/Student Resources 2/4 - Tables and Persistence/Guided Project - List/Unchecked.pdf"; sourceTree = "<group>"; };
		BF036AC72049F72000100B81 /* ToDoViewController.swift */ = {isa = PBXFileReference; lastKnownFileType = sourcecode.swift; path = ToDoViewController.swift; sourceTree = "<group>"; };
		BF29F03A2049DE4E00C35A0C /* ToDoList.app */ = {isa = PBXFileReference; explicitFileType = wrapper.application; includeInIndex = 0; path = ToDoList.app; sourceTree = BUILT_PRODUCTS_DIR; };
		BF29F03D2049DE4E00C35A0C /* AppDelegate.swift */ = {isa = PBXFileReference; lastKnownFileType = sourcecode.swift; path = AppDelegate.swift; sourceTree = "<group>"; };
		BF29F0422049DE4E00C35A0C /* Base */ = {isa = PBXFileReference; lastKnownFileType = file.storyboard; name = Base; path = Base.lproj/Main.storyboard; sourceTree = "<group>"; };
		BF29F0442049DE4E00C35A0C /* Assets.xcassets */ = {isa = PBXFileReference; lastKnownFileType = folder.assetcatalog; path = Assets.xcassets; sourceTree = "<group>"; };
		BF29F0472049DE4E00C35A0C /* Base */ = {isa = PBXFileReference; lastKnownFileType = file.storyboard; name = Base; path = Base.lproj/LaunchScreen.storyboard; sourceTree = "<group>"; };
		BF29F0492049DE4E00C35A0C /* Info.plist */ = {isa = PBXFileReference; lastKnownFileType = text.plist.xml; path = Info.plist; sourceTree = "<group>"; };
		BF29F04E2049DE4E00C35A0C /* ToDoListTests.xctest */ = {isa = PBXFileReference; explicitFileType = wrapper.cfbundle; includeInIndex = 0; path = ToDoListTests.xctest; sourceTree = BUILT_PRODUCTS_DIR; };
		BF29F0522049DE4E00C35A0C /* ToDoListTests.swift */ = {isa = PBXFileReference; lastKnownFileType = sourcecode.swift; path = ToDoListTests.swift; sourceTree = "<group>"; };
		BF29F0542049DE4E00C35A0C /* Info.plist */ = {isa = PBXFileReference; lastKnownFileType = text.plist.xml; path = Info.plist; sourceTree = "<group>"; };
		BF29F0592049DE4E00C35A0C /* ToDoListUITests.xctest */ = {isa = PBXFileReference; explicitFileType = wrapper.cfbundle; includeInIndex = 0; path = ToDoListUITests.xctest; sourceTree = BUILT_PRODUCTS_DIR; };
		BF29F05D2049DE4E00C35A0C /* ToDoListUITests.swift */ = {isa = PBXFileReference; lastKnownFileType = sourcecode.swift; path = ToDoListUITests.swift; sourceTree = "<group>"; };
		BF29F05F2049DE4E00C35A0C /* Info.plist */ = {isa = PBXFileReference; lastKnownFileType = text.plist.xml; path = Info.plist; sourceTree = "<group>"; };
		BF29F06B2049DEFD00C35A0C /* ToDo.swift */ = {isa = PBXFileReference; lastKnownFileType = sourcecode.swift; path = ToDo.swift; sourceTree = "<group>"; };
		BF29F06D2049DF6000C35A0C /* ToDoTableViewController.swift */ = {isa = PBXFileReference; lastKnownFileType = sourcecode.swift; path = ToDoTableViewController.swift; sourceTree = "<group>"; };
		BFB5768D204AA77D003058C2 /* ToDoCell.swift */ = {isa = PBXFileReference; lastKnownFileType = sourcecode.swift; path = ToDoCell.swift; sourceTree = "<group>"; };
/* End PBXFileReference section */

/* Begin PBXFrameworksBuildPhase section */
		BF29F0372049DE4E00C35A0C /* Frameworks */ = {
			isa = PBXFrameworksBuildPhase;
			buildActionMask = 2147483647;
			files = (
			);
			runOnlyForDeploymentPostprocessing = 0;
		};
		BF29F04B2049DE4E00C35A0C /* Frameworks */ = {
			isa = PBXFrameworksBuildPhase;
			buildActionMask = 2147483647;
			files = (
			);
			runOnlyForDeploymentPostprocessing = 0;
		};
		BF29F0562049DE4E00C35A0C /* Frameworks */ = {
			isa = PBXFrameworksBuildPhase;
			buildActionMask = 2147483647;
			files = (
			);
			runOnlyForDeploymentPostprocessing = 0;
		};
/* End PBXFrameworksBuildPhase section */

/* Begin PBXGroup section */
		BF29F0312049DE4E00C35A0C = {
			isa = PBXGroup;
			children = (
				BF29F03C2049DE4E00C35A0C /* ToDoList */,
				BF29F0512049DE4E00C35A0C /* ToDoListTests */,
				BF29F05C2049DE4E00C35A0C /* ToDoListUITests */,
				BF29F03B2049DE4E00C35A0C /* Products */,
			);
			sourceTree = "<group>";
		};
		BF29F03B2049DE4E00C35A0C /* Products */ = {
			isa = PBXGroup;
			children = (
				BF29F03A2049DE4E00C35A0C /* ToDoList.app */,
				BF29F04E2049DE4E00C35A0C /* ToDoListTests.xctest */,
				BF29F0592049DE4E00C35A0C /* ToDoListUITests.xctest */,
			);
			name = Products;
			sourceTree = "<group>";
		};
		BF29F03C2049DE4E00C35A0C /* ToDoList */ = {
			isa = PBXGroup;
			children = (
				BF29F06B2049DEFD00C35A0C /* ToDo.swift */,
				BFB5768D204AA77D003058C2 /* ToDoCell.swift */,
				BF29F06D2049DF6000C35A0C /* ToDoTableViewController.swift */,
				BF29F03D2049DE4E00C35A0C /* AppDelegate.swift */,
				BF29F0412049DE4E00C35A0C /* Main.storyboard */,
				BF036AC72049F72000100B81 /* ToDoViewController.swift */,
				BF29F0442049DE4E00C35A0C /* Assets.xcassets */,
				BF036AC32049F0BD00100B81 /* Checked.pdf */,
				BF036AC42049F0BE00100B81 /* Unchecked.pdf */,
				BF29F0462049DE4E00C35A0C /* LaunchScreen.storyboard */,
				BF29F0492049DE4E00C35A0C /* Info.plist */,
			);
			path = ToDoList;
			sourceTree = "<group>";
		};
		BF29F0512049DE4E00C35A0C /* ToDoListTests */ = {
			isa = PBXGroup;
			children = (
				BF29F0522049DE4E00C35A0C /* ToDoListTests.swift */,
				BF29F0542049DE4E00C35A0C /* Info.plist */,
			);
			path = ToDoListTests;
			sourceTree = "<group>";
		};
		BF29F05C2049DE4E00C35A0C /* ToDoListUITests */ = {
			isa = PBXGroup;
			children = (
				BF29F05D2049DE4E00C35A0C /* ToDoListUITests.swift */,
				BF29F05F2049DE4E00C35A0C /* Info.plist */,
			);
			path = ToDoListUITests;
			sourceTree = "<group>";
		};
/* End PBXGroup section */

/* Begin PBXNativeTarget section */
		BF29F0392049DE4E00C35A0C /* ToDoList */ = {
			isa = PBXNativeTarget;
			buildConfigurationList = BF29F0622049DE4E00C35A0C /* Build configuration list for PBXNativeTarget "ToDoList" */;
			buildPhases = (
				BF29F0362049DE4E00C35A0C /* Sources */,
				BF29F0372049DE4E00C35A0C /* Frameworks */,
				BF29F0382049DE4E00C35A0C /* Resources */,
			);
			buildRules = (
			);
			dependencies = (
			);
			name = ToDoList;
			productName = ToDoList;
			productReference = BF29F03A2049DE4E00C35A0C /* ToDoList.app */;
			productType = "com.apple.product-type.application";
		};
		BF29F04D2049DE4E00C35A0C /* ToDoListTests */ = {
			isa = PBXNativeTarget;
			buildConfigurationList = BF29F0652049DE4E00C35A0C /* Build configuration list for PBXNativeTarget "ToDoListTests" */;
			buildPhases = (
				BF29F04A2049DE4E00C35A0C /* Sources */,
				BF29F04B2049DE4E00C35A0C /* Frameworks */,
				BF29F04C2049DE4E00C35A0C /* Resources */,
			);
			buildRules = (
			);
			dependencies = (
				BF29F0502049DE4E00C35A0C /* PBXTargetDependency */,
			);
			name = ToDoListTests;
			productName = ToDoListTests;
			productReference = BF29F04E2049DE4E00C35A0C /* ToDoListTests.xctest */;
			productType = "com.apple.product-type.bundle.unit-test";
		};
		BF29F0582049DE4E00C35A0C /* ToDoListUITests */ = {
			isa = PBXNativeTarget;
			buildConfigurationList = BF29F0682049DE4E00C35A0C /* Build configuration list for PBXNativeTarget "ToDoListUITests" */;
			buildPhases = (
				BF29F0552049DE4E00C35A0C /* Sources */,
				BF29F0562049DE4E00C35A0C /* Frameworks */,
				BF29F0572049DE4E00C35A0C /* Resources */,
			);
			buildRules = (
			);
			dependencies = (
				BF29F05B2049DE4E00C35A0C /* PBXTargetDependency */,
			);
			name = ToDoListUITests;
			productName = ToDoListUITests;
			productReference = BF29F0592049DE4E00C35A0C /* ToDoListUITests.xctest */;
			productType = "com.apple.product-type.bundle.ui-testing";
		};
/* End PBXNativeTarget section */

/* Begin PBXProject section */
		BF29F0322049DE4E00C35A0C /* Project object */ = {
			isa = PBXProject;
			attributes = {
				LastSwiftUpdateCheck = 0920;
				LastUpgradeCheck = 0920;
				ORGANIZATIONNAME = "Native App Studio";
				TargetAttributes = {
					BF29F0392049DE4E00C35A0C = {
						CreatedOnToolsVersion = 9.2;
						ProvisioningStyle = Automatic;
					};
					BF29F04D2049DE4E00C35A0C = {
						CreatedOnToolsVersion = 9.2;
						ProvisioningStyle = Automatic;
						TestTargetID = BF29F0392049DE4E00C35A0C;
					};
					BF29F0582049DE4E00C35A0C = {
						CreatedOnToolsVersion = 9.2;
						ProvisioningStyle = Automatic;
						TestTargetID = BF29F0392049DE4E00C35A0C;
					};
				};
			};
			buildConfigurationList = BF29F0352049DE4E00C35A0C /* Build configuration list for PBXProject "ToDoList" */;
			compatibilityVersion = "Xcode 8.0";
			developmentRegion = en;
			hasScannedForEncodings = 0;
			knownRegions = (
				en,
				Base,
			);
			mainGroup = BF29F0312049DE4E00C35A0C;
			productRefGroup = BF29F03B2049DE4E00C35A0C /* Products */;
			projectDirPath = "";
			projectRoot = "";
			targets = (
				BF29F0392049DE4E00C35A0C /* ToDoList */,
				BF29F04D2049DE4E00C35A0C /* ToDoListTests */,
				BF29F0582049DE4E00C35A0C /* ToDoListUITests */,
			);
		};
/* End PBXProject section */

/* Begin PBXResourcesBuildPhase section */
		BF29F0382049DE4E00C35A0C /* Resources */ = {
			isa = PBXResourcesBuildPhase;
			buildActionMask = 2147483647;
			files = (
				BF29F0482049DE4E00C35A0C /* LaunchScreen.storyboard in Resources */,
				BF29F0452049DE4E00C35A0C /* Assets.xcassets in Resources */,
				BF036AC52049F0BE00100B81 /* Checked.pdf in Resources */,
				BF29F0432049DE4E00C35A0C /* Main.storyboard in Resources */,
				BF036AC62049F0BE00100B81 /* Unchecked.pdf in Resources */,
			);
			runOnlyForDeploymentPostprocessing = 0;
		};
		BF29F04C2049DE4E00C35A0C /* Resources */ = {
			isa = PBXResourcesBuildPhase;
			buildActionMask = 2147483647;
			files = (
			);
			runOnlyForDeploymentPostprocessing = 0;
		};
		BF29F0572049DE4E00C35A0C /* Resources */ = {
			isa = PBXResourcesBuildPhase;
			buildActionMask = 2147483647;
			files = (
			);
			runOnlyForDeploymentPostprocessing = 0;
		};
/* End PBXResourcesBuildPhase section */

/* Begin PBXSourcesBuildPhase section */
		BF29F0362049DE4E00C35A0C /* Sources */ = {
			isa = PBXSourcesBuildPhase;
			buildActionMask = 2147483647;
			files = (
				BF036AC82049F72000100B81 /* ToDoViewController.swift in Sources */,
				BF29F03E2049DE4E00C35A0C /* AppDelegate.swift in Sources */,
				BF29F06E2049DF6000C35A0C /* ToDoTableViewController.swift in Sources */,
				BF29F06C2049DEFD00C35A0C /* ToDo.swift in Sources */,
				BFB5768E204AA77D003058C2 /* ToDoCell.swift in Sources */,
			);
			runOnlyForDeploymentPostprocessing = 0;
		};
		BF29F04A2049DE4E00C35A0C /* Sources */ = {
			isa = PBXSourcesBuildPhase;
			buildActionMask = 2147483647;
			files = (
				BF29F0532049DE4E00C35A0C /* ToDoListTests.swift in Sources */,
			);
			runOnlyForDeploymentPostprocessing = 0;
		};
		BF29F0552049DE4E00C35A0C /* Sources */ = {
			isa = PBXSourcesBuildPhase;
			buildActionMask = 2147483647;
			files = (
				BF29F05E2049DE4E00C35A0C /* ToDoListUITests.swift in Sources */,
			);
			runOnlyForDeploymentPostprocessing = 0;
		};
/* End PBXSourcesBuildPhase section */

/* Begin PBXTargetDependency section */
		BF29F0502049DE4E00C35A0C /* PBXTargetDependency */ = {
			isa = PBXTargetDependency;
			target = BF29F0392049DE4E00C35A0C /* ToDoList */;
			targetProxy = BF29F04F2049DE4E00C35A0C /* PBXContainerItemProxy */;
		};
		BF29F05B2049DE4E00C35A0C /* PBXTargetDependency */ = {
			isa = PBXTargetDependency;
			target = BF29F0392049DE4E00C35A0C /* ToDoList */;
			targetProxy = BF29F05A2049DE4E00C35A0C /* PBXContainerItemProxy */;
		};
/* End PBXTargetDependency section */

/* Begin PBXVariantGroup section */
		BF29F0412049DE4E00C35A0C /* Main.storyboard */ = {
			isa = PBXVariantGroup;
			children = (
				BF29F0422049DE4E00C35A0C /* Base */,
			);
			name = Main.storyboard;
			sourceTree = "<group>";
		};
		BF29F0462049DE4E00C35A0C /* LaunchScreen.storyboard */ = {
			isa = PBXVariantGroup;
			children = (
				BF29F0472049DE4E00C35A0C /* Base */,
			);
			name = LaunchScreen.storyboard;
			sourceTree = "<group>";
		};
/* End PBXVariantGroup section */

/* Begin XCBuildConfiguration section */
		BF29F0602049DE4E00C35A0C /* Debug */ = {
			isa = XCBuildConfiguration;
			buildSettings = {
				ALWAYS_SEARCH_USER_PATHS = NO;
				CLANG_ANALYZER_NONNULL = YES;
				CLANG_ANALYZER_NUMBER_OBJECT_CONVERSION = YES_AGGRESSIVE;
				CLANG_CXX_LANGUAGE_STANDARD = "gnu++14";
				CLANG_CXX_LIBRARY = "libc++";
				CLANG_ENABLE_MODULES = YES;
				CLANG_ENABLE_OBJC_ARC = YES;
				CLANG_WARN_BLOCK_CAPTURE_AUTORELEASING = YES;
				CLANG_WARN_BOOL_CONVERSION = YES;
				CLANG_WARN_COMMA = YES;
				CLANG_WARN_CONSTANT_CONVERSION = YES;
				CLANG_WARN_DIRECT_OBJC_ISA_USAGE = YES_ERROR;
				CLANG_WARN_DOCUMENTATION_COMMENTS = YES;
				CLANG_WARN_EMPTY_BODY = YES;
				CLANG_WARN_ENUM_CONVERSION = YES;
				CLANG_WARN_INFINITE_RECURSION = YES;
				CLANG_WARN_INT_CONVERSION = YES;
				CLANG_WARN_NON_LITERAL_NULL_CONVERSION = YES;
				CLANG_WARN_OBJC_LITERAL_CONVERSION = YES;
				CLANG_WARN_OBJC_ROOT_CLASS = YES_ERROR;
				CLANG_WARN_RANGE_LOOP_ANALYSIS = YES;
				CLANG_WARN_STRICT_PROTOTYPES = YES;
				CLANG_WARN_SUSPICIOUS_MOVE = YES;
				CLANG_WARN_UNGUARDED_AVAILABILITY = YES_AGGRESSIVE;
				CLANG_WARN_UNREACHABLE_CODE = YES;
				CLANG_WARN__DUPLICATE_METHOD_MATCH = YES;
				CODE_SIGN_IDENTITY = "iPhone Developer";
				COPY_PHASE_STRIP = NO;
				DEBUG_INFORMATION_FORMAT = dwarf;
				ENABLE_STRICT_OBJC_MSGSEND = YES;
				ENABLE_TESTABILITY = YES;
				GCC_C_LANGUAGE_STANDARD = gnu11;
				GCC_DYNAMIC_NO_PIC = NO;
				GCC_NO_COMMON_BLOCKS = YES;
				GCC_OPTIMIZATION_LEVEL = 0;
				GCC_PREPROCESSOR_DEFINITIONS = (
					"DEBUG=1",
					"$(inherited)",
				);
				GCC_WARN_64_TO_32_BIT_CONVERSION = YES;
				GCC_WARN_ABOUT_RETURN_TYPE = YES_ERROR;
				GCC_WARN_UNDECLARED_SELECTOR = YES;
				GCC_WARN_UNINITIALIZED_AUTOS = YES_AGGRESSIVE;
				GCC_WARN_UNUSED_FUNCTION = YES;
				GCC_WARN_UNUSED_VARIABLE = YES;
				IPHONEOS_DEPLOYMENT_TARGET = 11.2;
				MTL_ENABLE_DEBUG_INFO = YES;
				ONLY_ACTIVE_ARCH = YES;
				SDKROOT = iphoneos;
				SWIFT_ACTIVE_COMPILATION_CONDITIONS = DEBUG;
				SWIFT_OPTIMIZATION_LEVEL = "-Onone";
			};
			name = Debug;
		};
		BF29F0612049DE4E00C35A0C /* Release */ = {
			isa = XCBuildConfiguration;
			buildSettings = {
				ALWAYS_SEARCH_USER_PATHS = NO;
				CLANG_ANALYZER_NONNULL = YES;
				CLANG_ANALYZER_NUMBER_OBJECT_CONVERSION = YES_AGGRESSIVE;
				CLANG_CXX_LANGUAGE_STANDARD = "gnu++14";
				CLANG_CXX_LIBRARY = "libc++";
				CLANG_ENABLE_MODULES = YES;
				CLANG_ENABLE_OBJC_ARC = YES;
				CLANG_WARN_BLOCK_CAPTURE_AUTORELEASING = YES;
				CLANG_WARN_BOOL_CONVERSION = YES;
				CLANG_WARN_COMMA = YES;
				CLANG_WARN_CONSTANT_CONVERSION = YES;
				CLANG_WARN_DIRECT_OBJC_ISA_USAGE = YES_ERROR;
				CLANG_WARN_DOCUMENTATION_COMMENTS = YES;
				CLANG_WARN_EMPTY_BODY = YES;
				CLANG_WARN_ENUM_CONVERSION = YES;
				CLANG_WARN_INFINITE_RECURSION = YES;
				CLANG_WARN_INT_CONVERSION = YES;
				CLANG_WARN_NON_LITERAL_NULL_CONVERSION = YES;
				CLANG_WARN_OBJC_LITERAL_CONVERSION = YES;
				CLANG_WARN_OBJC_ROOT_CLASS = YES_ERROR;
				CLANG_WARN_RANGE_LOOP_ANALYSIS = YES;
				CLANG_WARN_STRICT_PROTOTYPES = YES;
				CLANG_WARN_SUSPICIOUS_MOVE = YES;
				CLANG_WARN_UNGUARDED_AVAILABILITY = YES_AGGRESSIVE;
				CLANG_WARN_UNREACHABLE_CODE = YES;
				CLANG_WARN__DUPLICATE_METHOD_MATCH = YES;
				CODE_SIGN_IDENTITY = "iPhone Developer";
				COPY_PHASE_STRIP = NO;
				DEBUG_INFORMATION_FORMAT = "dwarf-with-dsym";
				ENABLE_NS_ASSERTIONS = NO;
				ENABLE_STRICT_OBJC_MSGSEND = YES;
				GCC_C_LANGUAGE_STANDARD = gnu11;
				GCC_NO_COMMON_BLOCKS = YES;
				GCC_WARN_64_TO_32_BIT_CONVERSION = YES;
				GCC_WARN_ABOUT_RETURN_TYPE = YES_ERROR;
				GCC_WARN_UNDECLARED_SELECTOR = YES;
				GCC_WARN_UNINITIALIZED_AUTOS = YES_AGGRESSIVE;
				GCC_WARN_UNUSED_FUNCTION = YES;
				GCC_WARN_UNUSED_VARIABLE = YES;
				IPHONEOS_DEPLOYMENT_TARGET = 11.2;
				MTL_ENABLE_DEBUG_INFO = NO;
				SDKROOT = iphoneos;
				SWIFT_OPTIMIZATION_LEVEL = "-Owholemodule";
				VALIDATE_PRODUCT = YES;
			};
			name = Release;
		};
		BF29F0632049DE4E00C35A0C /* Debug */ = {
			isa = XCBuildConfiguration;
			buildSettings = {
				ASSETCATALOG_COMPILER_APPICON_NAME = AppIcon;
				CODE_SIGN_STYLE = Automatic;
				INFOPLIST_FILE = ToDoList/Info.plist;
				LD_RUNPATH_SEARCH_PATHS = "$(inherited) @executable_path/Frameworks";
				PRODUCT_BUNDLE_IDENTIFIER = nl.mprog.ToDoList;
				PRODUCT_NAME = "$(TARGET_NAME)";
				SWIFT_VERSION = 4.0;
				TARGETED_DEVICE_FAMILY = "1,2";
			};
			name = Debug;
		};
		BF29F0642049DE4E00C35A0C /* Release */ = {
			isa = XCBuildConfiguration;
			buildSettings = {
				ASSETCATALOG_COMPILER_APPICON_NAME = AppIcon;
				CODE_SIGN_STYLE = Automatic;
				INFOPLIST_FILE = ToDoList/Info.plist;
				LD_RUNPATH_SEARCH_PATHS = "$(inherited) @executable_path/Frameworks";
				PRODUCT_BUNDLE_IDENTIFIER = nl.mprog.ToDoList;
				PRODUCT_NAME = "$(TARGET_NAME)";
				SWIFT_VERSION = 4.0;
				TARGETED_DEVICE_FAMILY = "1,2";
			};
			name = Release;
		};
		BF29F0662049DE4E00C35A0C /* Debug */ = {
			isa = XCBuildConfiguration;
			buildSettings = {
				ALWAYS_EMBED_SWIFT_STANDARD_LIBRARIES = YES;
				BUNDLE_LOADER = "$(TEST_HOST)";
				CODE_SIGN_STYLE = Automatic;
				INFOPLIST_FILE = ToDoListTests/Info.plist;
				LD_RUNPATH_SEARCH_PATHS = "$(inherited) @executable_path/Frameworks @loader_path/Frameworks";
				PRODUCT_BUNDLE_IDENTIFIER = nl.mprog.ToDoListTests;
				PRODUCT_NAME = "$(TARGET_NAME)";
				SWIFT_VERSION = 4.0;
				TARGETED_DEVICE_FAMILY = "1,2";
				TEST_HOST = "$(BUILT_PRODUCTS_DIR)/ToDoList.app/ToDoList";
			};
			name = Debug;
		};
		BF29F0672049DE4E00C35A0C /* Release */ = {
			isa = XCBuildConfiguration;
			buildSettings = {
				ALWAYS_EMBED_SWIFT_STANDARD_LIBRARIES = YES;
				BUNDLE_LOADER = "$(TEST_HOST)";
				CODE_SIGN_STYLE = Automatic;
				INFOPLIST_FILE = ToDoListTests/Info.plist;
				LD_RUNPATH_SEARCH_PATHS = "$(inherited) @executable_path/Frameworks @loader_path/Frameworks";
				PRODUCT_BUNDLE_IDENTIFIER = nl.mprog.ToDoListTests;
				PRODUCT_NAME = "$(TARGET_NAME)";
				SWIFT_VERSION = 4.0;
				TARGETED_DEVICE_FAMILY = "1,2";
				TEST_HOST = "$(BUILT_PRODUCTS_DIR)/ToDoList.app/ToDoList";
			};
			name = Release;
		};
		BF29F0692049DE4E00C35A0C /* Debug */ = {
			isa = XCBuildConfiguration;
			buildSettings = {
				ALWAYS_EMBED_SWIFT_STANDARD_LIBRARIES = YES;
				CODE_SIGN_STYLE = Automatic;
				INFOPLIST_FILE = ToDoListUITests/Info.plist;
				LD_RUNPATH_SEARCH_PATHS = "$(inherited) @executable_path/Frameworks @loader_path/Frameworks";
				PRODUCT_BUNDLE_IDENTIFIER = nl.mprog.ToDoListUITests;
				PRODUCT_NAME = "$(TARGET_NAME)";
				SWIFT_VERSION = 4.0;
				TARGETED_DEVICE_FAMILY = "1,2";
				TEST_TARGET_NAME = ToDoList;
			};
			name = Debug;
		};
		BF29F06A2049DE4E00C35A0C /* Release */ = {
			isa = XCBuildConfiguration;
			buildSettings = {
				ALWAYS_EMBED_SWIFT_STANDARD_LIBRARIES = YES;
				CODE_SIGN_STYLE = Automatic;
				INFOPLIST_FILE = ToDoListUITests/Info.plist;
				LD_RUNPATH_SEARCH_PATHS = "$(inherited) @executable_path/Frameworks @loader_path/Frameworks";
				PRODUCT_BUNDLE_IDENTIFIER = nl.mprog.ToDoListUITests;
				PRODUCT_NAME = "$(TARGET_NAME)";
				SWIFT_VERSION = 4.0;
				TARGETED_DEVICE_FAMILY = "1,2";
				TEST_TARGET_NAME = ToDoList;
			};
			name = Release;
		};
/* End XCBuildConfiguration section */

/* Begin XCConfigurationList section */
		BF29F0352049DE4E00C35A0C /* Build configuration list for PBXProject "ToDoList" */ = {
			isa = XCConfigurationList;
			buildConfigurations = (
				BF29F0602049DE4E00C35A0C /* Debug */,
				BF29F0612049DE4E00C35A0C /* Release */,
			);
			defaultConfigurationIsVisible = 0;
			defaultConfigurationName = Release;
		};
		BF29F0622049DE4E00C35A0C /* Build configuration list for PBXNativeTarget "ToDoList" */ = {
			isa = XCConfigurationList;
			buildConfigurations = (
				BF29F0632049DE4E00C35A0C /* Debug */,
				BF29F0642049DE4E00C35A0C /* Release */,
			);
			defaultConfigurationIsVisible = 0;
			defaultConfigurationName = Release;
		};
		BF29F0652049DE4E00C35A0C /* Build configuration list for PBXNativeTarget "ToDoListTests" */ = {
			isa = XCConfigurationList;
			buildConfigurations = (
				BF29F0662049DE4E00C35A0C /* Debug */,
				BF29F0672049DE4E00C35A0C /* Release */,
			);
			defaultConfigurationIsVisible = 0;
			defaultConfigurationName = Release;
		};
		BF29F0682049DE4E00C35A0C /* Build configuration list for PBXNativeTarget "ToDoListUITests" */ = {
			isa = XCConfigurationList;
			buildConfigurations = (
				BF29F0692049DE4E00C35A0C /* Debug */,
				BF29F06A2049DE4E00C35A0C /* Release */,
			);
			defaultConfigurationIsVisible = 0;
			defaultConfigurationName = Release;
		};
/* End XCConfigurationList section */
	};
	rootObject = BF29F0322049DE4E00C35A0C /* Project object */;
}
